PODS:
  - Aspects (1.4.1)
  - FBRetainCycleDetector (0.1.4)
  - MLeaksFinder (1.0.0):
    - FBRetainCycleDetector

DEPENDENCIES:
  - Aspects
  - MLeaksFinder

SPEC REPOS:
  trunk:
    - Aspects
    - FBRetainCycleDetector
    - MLeaksFinder

SPEC CHECKSUMS:
  Aspects: 7595ba96a6727a58ebcbfc954497fc5d2fdde546
  FBRetainCycleDetector: 46f8179bbb1c587deee3ea838a1a3ee02acf5015
  MLeaksFinder: 8c435bd2f6d070af18cff082b503b21adc130fc0

PODFILE CHECKSUM: e3fa8498fe0e8d57e41ca3f8cc1cafb1e8dda0fa

COCOAPODS: 1.10.0
