// !$*UTF8*$!
{
	archiveVersion = 1;
	classes = {
	};
	objectVersion = 54;
	objects = {

/* Begin PBXBuildFile section */
		212909D12A7A8CD400A82395 /* TBCToolsItemBaseView.m in Sources */ = {isa = PBXBuildFile; fileRef = 212909D02A7A8CD400A82395 /* TBCToolsItemBaseView.m */; };
		212909D52A7A8E3500A82395 /* TBCImgToolsItemView.m in Sources */ = {isa = PBXBuildFile; fileRef = 212909D42A7A8E3500A82395 /* TBCImgToolsItemView.m */; };
		212909D82A7A8E8600A82395 /* TBCToolsBarView.m in Sources */ = {isa = PBXBuildFile; fileRef = 212909D72A7A8E8600A82395 /* TBCToolsBarView.m */; };
		219E17B62A8099B100C004DF /* TBCBubbleToolsItemView.m in Sources */ = {isa = PBXBuildFile; fileRef = 219E17B52A8099B100C004DF /* TBCBubbleToolsItemView.m */; };
		219E17BA2A811B2E00C004DF /* TBCHybridSendThreadViewController.m in Sources */ = {isa = PBXBuildFile; fileRef = 219E17B92A811B2E00C004DF /* TBCHybridSendThreadViewController.m */; };
		21F8FFAB2A81DF9800E02A3A /* TBCImgToolsItemPresenter.m in Sources */ = {isa = PBXBuildFile; fileRef = 21F8FFAA2A81DF9800E02A3A /* TBCImgToolsItemPresenter.m */; };
		572E40F0249F062500D531B8 /* AppDelegate.m in Sources */ = {isa = PBXBuildFile; fileRef = 572E40EF249F062500D531B8 /* AppDelegate.m */; };
		572E40F6249F062500D531B8 /* ViewController.m in Sources */ = {isa = PBXBuildFile; fileRef = 572E40F5249F062500D531B8 /* ViewController.m */; };
		572E40FB249F062600D531B8 /* Assets.xcassets in Resources */ = {isa = PBXBuildFile; fileRef = 572E40FA249F062600D531B8 /* Assets.xcassets */; };
		572E40FE249F062600D531B8 /* LaunchScreen.storyboard in Resources */ = {isa = PBXBuildFile; fileRef = 572E40FC249F062600D531B8 /* LaunchScreen.storyboard */; };
		572E4101249F062600D531B8 /* main.m in Sources */ = {isa = PBXBuildFile; fileRef = 572E4100249F062600D531B8 /* main.m */; };
		57FF280D24CFA2AA00BA4D41 /* TaggedPointerViewController.m in Sources */ = {isa = PBXBuildFile; fileRef = 57FF280C24CFA2AA00BA4D41 /* TaggedPointerViewController.m */; };
		58603075B0BB9290C262CB5A /* MJTimer.m in Sources */ = {isa = PBXBuildFile; fileRef = 586030A25C1F1014E488FDF0 /* MJTimer.m */; };
		58603149A5CF1D39C89F84D8 /* YHProxyBetter.m in Sources */ = {isa = PBXBuildFile; fileRef = 586038864EAD08487D47175D /* YHProxyBetter.m */; };
		586032C130BB20340E061C71 /* CustomButton.m in Sources */ = {isa = PBXBuildFile; fileRef = 58603A3D876443103EBF3C4C /* CustomButton.m */; };
		586033A43C96CB089BDB189E /* BlockViewController.m in Sources */ = {isa = PBXBuildFile; fileRef = 586037505C9896A99D2737F0 /* BlockViewController.m */; };
		586039F976587CEF599EA11A /* NSObject+AutoRemoveKVO.m in Sources */ = {isa = PBXBuildFile; fileRef = 58603278D6EF0275A172161D /* NSObject+AutoRemoveKVO.m */; };
		58603B9D446DAD1E7AF9443A /* BlockSubClassViewController.m in Sources */ = {isa = PBXBuildFile; fileRef = 5860389EBF912CB7A9BE92B8 /* BlockSubClassViewController.m */; };
		58603DD1183E4D72B9F48E70 /* AutoKVO.m in Sources */ = {isa = PBXBuildFile; fileRef = 58603D9734D3EF922E8F50F1 /* AutoKVO.m */; };
		84183DA025626F0C007B7EB7 /* CategoryWeakProperty.m in Sources */ = {isa = PBXBuildFile; fileRef = 84183D9F25626F0C007B7EB7 /* CategoryWeakProperty.m */; };
		8430E90A25E8C66C00120D73 /* Schemes.json in Resources */ = {isa = PBXBuildFile; fileRef = 8430E90925E8C66C00120D73 /* Schemes.json */; };
		8430E90F25E8C6C700120D73 /* SchemeTestViewController.m in Sources */ = {isa = PBXBuildFile; fileRef = 8430E90E25E8C6C700120D73 /* SchemeTestViewController.m */; };
		8458CA0925E889260021D2A0 /* TRURLSchemeManager.m in Sources */ = {isa = PBXBuildFile; fileRef = 8458CA0725E889260021D2A0 /* TRURLSchemeManager.m */; };
		846FE51525AC35AD004BF2ED /* MJPermenantThread.m in Sources */ = {isa = PBXBuildFile; fileRef = 846FE51025AC35AD004BF2ED /* MJPermenantThread.m */; };
		846FE51625AC35AD004BF2ED /* Tools.m in Sources */ = {isa = PBXBuildFile; fileRef = 846FE51225AC35AD004BF2ED /* Tools.m */; };
		84C7A264256B5C10007AF5B6 /* CYLUser.m in Sources */ = {isa = PBXBuildFile; fileRef = 84C7A263256B5C10007AF5B6 /* CYLUser.m */; };
		9F7047070C9F9A6343ACB509 /* Pods_SuperDemo.framework in Frameworks */ = {isa = PBXBuildFile; fileRef = 41C1620D0217C7F519677217 /* Pods_SuperDemo.framework */; };
		D404D2252501615548DC74DA /* Person+man.m in Sources */ = {isa = PBXBuildFile; fileRef = D404D6AC65384BCB3F63E43A /* Person+man.m */; };
		D404D32AE7F222298633495D /* SubLoadTest+SubLoadTestCategory.m in Sources */ = {isa = PBXBuildFile; fileRef = D404D6FA8592759062F367BF /* SubLoadTest+SubLoadTestCategory.m */; };
		D404D60ED7C524BDCFFA3D27 /* Son.m in Sources */ = {isa = PBXBuildFile; fileRef = D404D4BB287F5E8A907EE6AF /* Son.m */; };
		D404DA9D700C16A3AAB79C4E /* LoadTest+LoadTestCategory.m in Sources */ = {isa = PBXBuildFile; fileRef = D404DDD268D8443819B6D55E /* LoadTest+LoadTestCategory.m */; };
		D404DC0800AE5D4F15573181 /* MessagesForwarding.m in Sources */ = {isa = PBXBuildFile; fileRef = D404D7DFDF809CE0749124C7 /* MessagesForwarding.m */; };
		D404DCEB9C9958E8D74BD5C6 /* SubLoadTest.m in Sources */ = {isa = PBXBuildFile; fileRef = D404D80048A99469494624C8 /* SubLoadTest.m */; };
		D404DF7179345FD756131E43 /* Person.m in Sources */ = {isa = PBXBuildFile; fileRef = D404D13B72C81F453A2F9030 /* Person.m */; };
		D404DF931CCE3610A9830B8D /* LoadTest.m in Sources */ = {isa = PBXBuildFile; fileRef = D404DDDD457E8F0609E88566 /* LoadTest.m */; };
/* End PBXBuildFile section */

/* Begin PBXCopyFilesBuildPhase section */
		842C71F025ABED5500AB0219 /* CopyFiles */ = {
			isa = PBXCopyFilesBuildPhase;
			buildActionMask = 2147483647;
			dstPath = /usr/share/man/man1/;
			dstSubfolderSpec = 0;
			files = (
			);
			runOnlyForDeploymentPostprocessing = 1;
		};
/* End PBXCopyFilesBuildPhase section */

/* Begin PBXFileReference section */
		210CF46B272F929000E730DA /* SuperDemoCommand */ = {isa = PBXFileReference; explicitFileType = "compiled.mach-o.executable"; includeInIndex = 0; path = SuperDemoCommand; sourceTree = BUILT_PRODUCTS_DIR; };
		212909CF2A7A8CD400A82395 /* TBCToolsItemBaseView.h */ = {isa = PBXFileReference; fileEncoding = 4; lastKnownFileType = sourcecode.c.h; path = TBCToolsItemBaseView.h; sourceTree = "<group>"; };
		212909D02A7A8CD400A82395 /* TBCToolsItemBaseView.m */ = {isa = PBXFileReference; fileEncoding = 4; lastKnownFileType = sourcecode.c.objc; path = TBCToolsItemBaseView.m; sourceTree = "<group>"; };
		212909D32A7A8E3500A82395 /* TBCImgToolsItemView.h */ = {isa = PBXFileReference; lastKnownFileType = sourcecode.c.h; path = TBCImgToolsItemView.h; sourceTree = "<group>"; };
		212909D42A7A8E3500A82395 /* TBCImgToolsItemView.m */ = {isa = PBXFileReference; lastKnownFileType = sourcecode.c.objc; path = TBCImgToolsItemView.m; sourceTree = "<group>"; };
		212909D62A7A8E8600A82395 /* TBCToolsBarView.h */ = {isa = PBXFileReference; lastKnownFileType = sourcecode.c.h; path = TBCToolsBarView.h; sourceTree = "<group>"; };
		212909D72A7A8E8600A82395 /* TBCToolsBarView.m */ = {isa = PBXFileReference; lastKnownFileType = sourcecode.c.objc; path = TBCToolsBarView.m; sourceTree = "<group>"; };
		219E17B12A7EA5F500C004DF /* TBCToolsItemBaseViewProtocol.h */ = {isa = PBXFileReference; lastKnownFileType = sourcecode.c.h; path = TBCToolsItemBaseViewProtocol.h; sourceTree = "<group>"; };
		219E17B42A8099B100C004DF /* TBCBubbleToolsItemView.h */ = {isa = PBXFileReference; lastKnownFileType = sourcecode.c.h; path = TBCBubbleToolsItemView.h; sourceTree = "<group>"; };
		219E17B52A8099B100C004DF /* TBCBubbleToolsItemView.m */ = {isa = PBXFileReference; lastKnownFileType = sourcecode.c.objc; path = TBCBubbleToolsItemView.m; sourceTree = "<group>"; };
		219E17B82A811B2E00C004DF /* TBCHybridSendThreadViewController.h */ = {isa = PBXFileReference; lastKnownFileType = sourcecode.c.h; path = TBCHybridSendThreadViewController.h; sourceTree = "<group>"; };
		219E17B92A811B2E00C004DF /* TBCHybridSendThreadViewController.m */ = {isa = PBXFileReference; lastKnownFileType = sourcecode.c.objc; path = TBCHybridSendThreadViewController.m; sourceTree = "<group>"; };
		21F8FFA92A81DF9800E02A3A /* TBCImgToolsItemPresenter.h */ = {isa = PBXFileReference; lastKnownFileType = sourcecode.c.h; path = TBCImgToolsItemPresenter.h; sourceTree = "<group>"; };
		21F8FFAA2A81DF9800E02A3A /* TBCImgToolsItemPresenter.m */ = {isa = PBXFileReference; lastKnownFileType = sourcecode.c.objc; path = TBCImgToolsItemPresenter.m; sourceTree = "<group>"; };
		41C1620D0217C7F519677217 /* Pods_SuperDemo.framework */ = {isa = PBXFileReference; explicitFileType = wrapper.framework; includeInIndex = 0; path = Pods_SuperDemo.framework; sourceTree = BUILT_PRODUCTS_DIR; };
		572E40EE249F062500D531B8 /* AppDelegate.h */ = {isa = PBXFileReference; lastKnownFileType = sourcecode.c.h; path = AppDelegate.h; sourceTree = "<group>"; };
		572E40EF249F062500D531B8 /* AppDelegate.m */ = {isa = PBXFileReference; lastKnownFileType = sourcecode.c.objc; path = AppDelegate.m; sourceTree = "<group>"; };
		572E40F4249F062500D531B8 /* ViewController.h */ = {isa = PBXFileReference; lastKnownFileType = sourcecode.c.h; path = ViewController.h; sourceTree = "<group>"; };
		572E40F5249F062500D531B8 /* ViewController.m */ = {isa = PBXFileReference; lastKnownFileType = sourcecode.c.objc; path = ViewController.m; sourceTree = "<group>"; };
		572E40FA249F062600D531B8 /* Assets.xcassets */ = {isa = PBXFileReference; lastKnownFileType = folder.assetcatalog; path = Assets.xcassets; sourceTree = "<group>"; };
		572E40FD249F062600D531B8 /* Base */ = {isa = PBXFileReference; lastKnownFileType = file.storyboard; name = Base; path = Base.lproj/LaunchScreen.storyboard; sourceTree = "<group>"; };
		572E40FF249F062600D531B8 /* Info.plist */ = {isa = PBXFileReference; lastKnownFileType = text.plist.xml; path = Info.plist; sourceTree = "<group>"; };
		572E4100249F062600D531B8 /* main.m */ = {isa = PBXFileReference; lastKnownFileType = sourcecode.c.objc; path = main.m; sourceTree = "<group>"; };
		57FF280B24CFA2AA00BA4D41 /* TaggedPointerViewController.h */ = {isa = PBXFileReference; lastKnownFileType = sourcecode.c.h; path = TaggedPointerViewController.h; sourceTree = "<group>"; };
		57FF280C24CFA2AA00BA4D41 /* TaggedPointerViewController.m */ = {isa = PBXFileReference; lastKnownFileType = sourcecode.c.objc; path = TaggedPointerViewController.m; sourceTree = "<group>"; };
		586030A25C1F1014E488FDF0 /* MJTimer.m */ = {isa = PBXFileReference; fileEncoding = 4; lastKnownFileType = sourcecode.c.objc; path = MJTimer.m; sourceTree = "<group>"; };
		586031E1A21937DC49C5C4F5 /* YHProxyBetter.h */ = {isa = PBXFileReference; fileEncoding = 4; lastKnownFileType = sourcecode.c.h; path = YHProxyBetter.h; sourceTree = "<group>"; };
		5860320768E47231EB9A72FF /* AutoKVO.h */ = {isa = PBXFileReference; fileEncoding = 4; lastKnownFileType = sourcecode.c.h; path = AutoKVO.h; sourceTree = "<group>"; };
		58603278D6EF0275A172161D /* NSObject+AutoRemoveKVO.m */ = {isa = PBXFileReference; fileEncoding = 4; lastKnownFileType = sourcecode.c.objc; path = "NSObject+AutoRemoveKVO.m"; sourceTree = "<group>"; };
		586035865B3EC800F912E5B3 /* NSObject+AutoRemoveKVO.h */ = {isa = PBXFileReference; fileEncoding = 4; lastKnownFileType = sourcecode.c.h; path = "NSObject+AutoRemoveKVO.h"; sourceTree = "<group>"; };
		586037505C9896A99D2737F0 /* BlockViewController.m */ = {isa = PBXFileReference; fileEncoding = 4; lastKnownFileType = sourcecode.c.objc; path = BlockViewController.m; sourceTree = "<group>"; };
		5860380D117508FF0BB09ADB /* BlockViewController.h */ = {isa = PBXFileReference; fileEncoding = 4; lastKnownFileType = sourcecode.c.h; path = BlockViewController.h; sourceTree = "<group>"; };
		586038864EAD08487D47175D /* YHProxyBetter.m */ = {isa = PBXFileReference; fileEncoding = 4; lastKnownFileType = sourcecode.c.objc; path = YHProxyBetter.m; sourceTree = "<group>"; };
		5860389EBF912CB7A9BE92B8 /* BlockSubClassViewController.m */ = {isa = PBXFileReference; fileEncoding = 4; lastKnownFileType = sourcecode.c.objc; path = BlockSubClassViewController.m; sourceTree = "<group>"; };
		58603A3D876443103EBF3C4C /* CustomButton.m */ = {isa = PBXFileReference; fileEncoding = 4; lastKnownFileType = sourcecode.c.objc; path = CustomButton.m; sourceTree = "<group>"; };
		58603A87EEF4764433F1BEBB /* MJTimer.h */ = {isa = PBXFileReference; fileEncoding = 4; lastKnownFileType = sourcecode.c.h; path = MJTimer.h; sourceTree = "<group>"; };
		58603AE4A849389466FC9F51 /* CustomButton.h */ = {isa = PBXFileReference; fileEncoding = 4; lastKnownFileType = sourcecode.c.h; path = CustomButton.h; sourceTree = "<group>"; };
		58603CBE608F86285D353D2D /* BlockSubClassViewController.h */ = {isa = PBXFileReference; fileEncoding = 4; lastKnownFileType = sourcecode.c.h; path = BlockSubClassViewController.h; sourceTree = "<group>"; };
		58603D9734D3EF922E8F50F1 /* AutoKVO.m */ = {isa = PBXFileReference; fileEncoding = 4; lastKnownFileType = sourcecode.c.objc; path = AutoKVO.m; sourceTree = "<group>"; };
		84183D9C25626E82007B7EB7 /* SuperDemo.app */ = {isa = PBXFileReference; explicitFileType = wrapper.application; includeInIndex = 0; path = SuperDemo.app; sourceTree = BUILT_PRODUCTS_DIR; };
		84183D9E25626F0C007B7EB7 /* CategoryWeakProperty.h */ = {isa = PBXFileReference; lastKnownFileType = sourcecode.c.h; path = CategoryWeakProperty.h; sourceTree = "<group>"; };
		84183D9F25626F0C007B7EB7 /* CategoryWeakProperty.m */ = {isa = PBXFileReference; lastKnownFileType = sourcecode.c.objc; path = CategoryWeakProperty.m; sourceTree = "<group>"; };
		8430E90925E8C66C00120D73 /* Schemes.json */ = {isa = PBXFileReference; fileEncoding = 4; lastKnownFileType = text.json; path = Schemes.json; sourceTree = "<group>"; };
		8430E90D25E8C6C700120D73 /* SchemeTestViewController.h */ = {isa = PBXFileReference; lastKnownFileType = sourcecode.c.h; path = SchemeTestViewController.h; sourceTree = "<group>"; };
		8430E90E25E8C6C700120D73 /* SchemeTestViewController.m */ = {isa = PBXFileReference; lastKnownFileType = sourcecode.c.objc; path = SchemeTestViewController.m; sourceTree = "<group>"; };
		8458CA0725E889260021D2A0 /* TRURLSchemeManager.m */ = {isa = PBXFileReference; fileEncoding = 4; lastKnownFileType = sourcecode.c.objc; path = TRURLSchemeManager.m; sourceTree = "<group>"; };
		8458CA0825E889260021D2A0 /* TRURLSchemeManager.h */ = {isa = PBXFileReference; fileEncoding = 4; lastKnownFileType = sourcecode.c.h; path = TRURLSchemeManager.h; sourceTree = "<group>"; };
		846FE51025AC35AD004BF2ED /* MJPermenantThread.m */ = {isa = PBXFileReference; fileEncoding = 4; lastKnownFileType = sourcecode.c.objc; path = MJPermenantThread.m; sourceTree = "<group>"; };
		846FE51125AC35AD004BF2ED /* MJClassInfo.h */ = {isa = PBXFileReference; fileEncoding = 4; lastKnownFileType = sourcecode.c.h; path = MJClassInfo.h; sourceTree = "<group>"; };
		846FE51225AC35AD004BF2ED /* Tools.m */ = {isa = PBXFileReference; fileEncoding = 4; lastKnownFileType = sourcecode.c.objc; path = Tools.m; sourceTree = "<group>"; };
		846FE51325AC35AD004BF2ED /* MJPermenantThread.h */ = {isa = PBXFileReference; fileEncoding = 4; lastKnownFileType = sourcecode.c.h; path = MJPermenantThread.h; sourceTree = "<group>"; };
		846FE51425AC35AD004BF2ED /* Tools.h */ = {isa = PBXFileReference; fileEncoding = 4; lastKnownFileType = sourcecode.c.h; path = Tools.h; sourceTree = "<group>"; };
		84C3EC9525BA7CA000142A68 /* TYRZResource.bundle */ = {isa = PBXFileReference; lastKnownFileType = "wrapper.plug-in"; path = TYRZResource.bundle; sourceTree = "<group>"; };
		84C3EC9625BA7CA000142A68 /* TYRZUISDK.framework */ = {isa = PBXFileReference; lastKnownFileType = wrapper.framework; path = TYRZUISDK.framework; sourceTree = "<group>"; };
		84C3EC9825BA7CA000142A68 /* uni_account_login_res.bundle */ = {isa = PBXFileReference; lastKnownFileType = "wrapper.plug-in"; path = uni_account_login_res.bundle; sourceTree = "<group>"; };
		84C3EC9925BA7CA000142A68 /* account_login_sdk_core.framework */ = {isa = PBXFileReference; lastKnownFileType = wrapper.framework; path = account_login_sdk_core.framework; sourceTree = "<group>"; };
		84C7A262256B5C10007AF5B6 /* CYLUser.h */ = {isa = PBXFileReference; lastKnownFileType = sourcecode.c.h; path = CYLUser.h; sourceTree = "<group>"; };
		84C7A263256B5C10007AF5B6 /* CYLUser.m */ = {isa = PBXFileReference; lastKnownFileType = sourcecode.c.objc; path = CYLUser.m; sourceTree = "<group>"; };
		91963985C4DE2F55EC643302 /* Pods-SuperDemo.debug.xcconfig */ = {isa = PBXFileReference; includeInIndex = 1; lastKnownFileType = text.xcconfig; name = "Pods-SuperDemo.debug.xcconfig"; path = "Target Support Files/Pods-SuperDemo/Pods-SuperDemo.debug.xcconfig"; sourceTree = "<group>"; };
		D404D0AA6C56049FD8C85ABC /* LoadTest.h */ = {isa = PBXFileReference; fileEncoding = 4; lastKnownFileType = sourcecode.c.h; path = LoadTest.h; sourceTree = "<group>"; };
		D404D13B72C81F453A2F9030 /* Person.m */ = {isa = PBXFileReference; fileEncoding = 4; lastKnownFileType = sourcecode.c.objc; path = Person.m; sourceTree = "<group>"; };
		D404D245BFFCBD70133FFD7C /* Person.h */ = {isa = PBXFileReference; fileEncoding = 4; lastKnownFileType = sourcecode.c.h; path = Person.h; sourceTree = "<group>"; };
		D404D2519F7655E668096548 /* SubLoadTest.h */ = {isa = PBXFileReference; fileEncoding = 4; lastKnownFileType = sourcecode.c.h; path = SubLoadTest.h; sourceTree = "<group>"; };
		D404D29084976857B30A2E10 /* MessagesForwarding.h */ = {isa = PBXFileReference; fileEncoding = 4; lastKnownFileType = sourcecode.c.h; path = MessagesForwarding.h; sourceTree = "<group>"; };
		D404D4820B082149BE6CA01C /* Son.h */ = {isa = PBXFileReference; fileEncoding = 4; lastKnownFileType = sourcecode.c.h; path = Son.h; sourceTree = "<group>"; };
		D404D4BB287F5E8A907EE6AF /* Son.m */ = {isa = PBXFileReference; fileEncoding = 4; lastKnownFileType = sourcecode.c.objc; path = Son.m; sourceTree = "<group>"; };
		D404D6AC65384BCB3F63E43A /* Person+man.m */ = {isa = PBXFileReference; fileEncoding = 4; lastKnownFileType = sourcecode.c.objc; path = "Person+man.m"; sourceTree = "<group>"; };
		D404D6FA8592759062F367BF /* SubLoadTest+SubLoadTestCategory.m */ = {isa = PBXFileReference; fileEncoding = 4; lastKnownFileType = sourcecode.c.objc; path = "SubLoadTest+SubLoadTestCategory.m"; sourceTree = "<group>"; };
		D404D7DFDF809CE0749124C7 /* MessagesForwarding.m */ = {isa = PBXFileReference; fileEncoding = 4; lastKnownFileType = sourcecode.c.objc; path = MessagesForwarding.m; sourceTree = "<group>"; };
		D404D80048A99469494624C8 /* SubLoadTest.m */ = {isa = PBXFileReference; fileEncoding = 4; lastKnownFileType = sourcecode.c.objc; path = SubLoadTest.m; sourceTree = "<group>"; };
		D404DA69F70460BFF4873D63 /* SubLoadTest+SubLoadTestCategory.h */ = {isa = PBXFileReference; fileEncoding = 4; lastKnownFileType = sourcecode.c.h; path = "SubLoadTest+SubLoadTestCategory.h"; sourceTree = "<group>"; };
		D404DC63ABFD4FF96D4C3C47 /* LoadTest+LoadTestCategory.h */ = {isa = PBXFileReference; fileEncoding = 4; lastKnownFileType = sourcecode.c.h; path = "LoadTest+LoadTestCategory.h"; sourceTree = "<group>"; };
		D404DD1122F234CCE62B270E /* Person+man.h */ = {isa = PBXFileReference; fileEncoding = 4; lastKnownFileType = sourcecode.c.h; path = "Person+man.h"; sourceTree = "<group>"; };
		D404DDD268D8443819B6D55E /* LoadTest+LoadTestCategory.m */ = {isa = PBXFileReference; fileEncoding = 4; lastKnownFileType = sourcecode.c.objc; path = "LoadTest+LoadTestCategory.m"; sourceTree = "<group>"; };
		D404DDDD457E8F0609E88566 /* LoadTest.m */ = {isa = PBXFileReference; fileEncoding = 4; lastKnownFileType = sourcecode.c.objc; path = LoadTest.m; sourceTree = "<group>"; };
		DEC6F2E43501D1A489DCE440 /* Pods-SuperDemo.release.xcconfig */ = {isa = PBXFileReference; includeInIndex = 1; lastKnownFileType = text.xcconfig; name = "Pods-SuperDemo.release.xcconfig"; path = "Target Support Files/Pods-SuperDemo/Pods-SuperDemo.release.xcconfig"; sourceTree = "<group>"; };
/* End PBXFileReference section */

/* Begin PBXFrameworksBuildPhase section */
		572E40E8249F062500D531B8 /* Frameworks */ = {
			isa = PBXFrameworksBuildPhase;
			buildActionMask = 2147483647;
			files = (
				9F7047070C9F9A6343ACB509 /* Pods_SuperDemo.framework in Frameworks */,
			);
			runOnlyForDeploymentPostprocessing = 0;
		};
		842C71EF25ABED5500AB0219 /* Frameworks */ = {
			isa = PBXFrameworksBuildPhase;
			buildActionMask = 2147483647;
			files = (
			);
			runOnlyForDeploymentPostprocessing = 0;
		};
/* End PBXFrameworksBuildPhase section */

/* Begin PBXGroup section */
		212909CA2A7A857300A82395 /* TBCToolsBarView */ = {
			isa = PBXGroup;
			children = (
				21F8FFA82A81DF3100E02A3A /* TBCBubbleToolsItem */,
				212909D22A7A8E2200A82395 /* TBCImgToolsItemView */,
				212909CE2A7A8CD400A82395 /* TBCToolsItemBaseView */,
				212909D62A7A8E8600A82395 /* TBCToolsBarView.h */,
				212909D72A7A8E8600A82395 /* TBCToolsBarView.m */,
			);
			path = TBCToolsBarView;
			sourceTree = "<group>";
		};
		212909CE2A7A8CD400A82395 /* TBCToolsItemBaseView */ = {
			isa = PBXGroup;
			children = (
				219E17B12A7EA5F500C004DF /* TBCToolsItemBaseViewProtocol.h */,
				212909CF2A7A8CD400A82395 /* TBCToolsItemBaseView.h */,
				212909D02A7A8CD400A82395 /* TBCToolsItemBaseView.m */,
			);
			path = TBCToolsItemBaseView;
			sourceTree = "<group>";
		};
		212909D22A7A8E2200A82395 /* TBCImgToolsItemView */ = {
			isa = PBXGroup;
			children = (
				212909D32A7A8E3500A82395 /* TBCImgToolsItemView.h */,
				212909D42A7A8E3500A82395 /* TBCImgToolsItemView.m */,
				21F8FFA92A81DF9800E02A3A /* TBCImgToolsItemPresenter.h */,
				21F8FFAA2A81DF9800E02A3A /* TBCImgToolsItemPresenter.m */,
			);
			path = TBCImgToolsItemView;
			sourceTree = "<group>";
		};
		219E17B72A80F1EC00C004DF /* TBCHybridSendThread */ = {
			isa = PBXGroup;
			children = (
				212909CA2A7A857300A82395 /* TBCToolsBarView */,
				219E17B82A811B2E00C004DF /* TBCHybridSendThreadViewController.h */,
				219E17B92A811B2E00C004DF /* TBCHybridSendThreadViewController.m */,
			);
			path = TBCHybridSendThread;
			sourceTree = "<group>";
		};
		21F8FFA82A81DF3100E02A3A /* TBCBubbleToolsItem */ = {
			isa = PBXGroup;
			children = (
				219E17B42A8099B100C004DF /* TBCBubbleToolsItemView.h */,
				219E17B52A8099B100C004DF /* TBCBubbleToolsItemView.m */,
			);
			path = TBCBubbleToolsItem;
			sourceTree = "<group>";
		};
		572E40E2249F062500D531B8 = {
			isa = PBXGroup;
			children = (
				572E40ED249F062500D531B8 /* SuperDemo */,
				D62B8A2174D74A8E229659B5 /* Pods */,
				B2C1EC489D5B42F6A229DDA2 /* Frameworks */,
				84183D9C25626E82007B7EB7 /* SuperDemo.app */,
				8487FE2F25BE93DB0079C397 /* Recovered References */,
				210CF46B272F929000E730DA /* SuperDemoCommand */,
			);
			sourceTree = "<group>";
		};
		572E40ED249F062500D531B8 /* SuperDemo */ = {
			isa = PBXGroup;
			children = (
				219E17B72A80F1EC00C004DF /* TBCHybridSendThread */,
				846FE50F25AC357F004BF2ED /* Tools */,
				57FF280A24CFA28F00BA4D41 /* TaggedPointer */,
				572E40EE249F062500D531B8 /* AppDelegate.h */,
				572E40EF249F062500D531B8 /* AppDelegate.m */,
				572E40F4249F062500D531B8 /* ViewController.h */,
				572E40F5249F062500D531B8 /* ViewController.m */,
				572E40FA249F062600D531B8 /* Assets.xcassets */,
				572E40FC249F062600D531B8 /* LaunchScreen.storyboard */,
				572E40FF249F062600D531B8 /* Info.plist */,
				572E4100249F062600D531B8 /* main.m */,
				84183D9E25626F0C007B7EB7 /* CategoryWeakProperty.h */,
				84183D9F25626F0C007B7EB7 /* CategoryWeakProperty.m */,
				84C7A262256B5C10007AF5B6 /* CYLUser.h */,
				84C7A263256B5C10007AF5B6 /* CYLUser.m */,
				D404D020E3B967861C5BDBEA /* LoadAndInitialize */,
				D404D7DFDF809CE0749124C7 /* MessagesForwarding.m */,
				D404D29084976857B30A2E10 /* MessagesForwarding.h */,
				D404D53C658BED83ED804C64 /* Inherit */,
				58603F86B801C7DD317C0D7F /* Block */,
				5860356B3AB1FE2DBEF0123D /* Scheme */,
				586033A07E0641B6FD6B7DB2 /* CustomView */,
				5860324530124BF44461C507 /* AutoKVO */,
			);
			path = SuperDemo;
			sourceTree = "<group>";
		};
		57FF280A24CFA28F00BA4D41 /* TaggedPointer */ = {
			isa = PBXGroup;
			children = (
				57FF280B24CFA2AA00BA4D41 /* TaggedPointerViewController.h */,
				57FF280C24CFA2AA00BA4D41 /* TaggedPointerViewController.m */,
			);
			path = TaggedPointer;
			sourceTree = "<group>";
		};
		5860324530124BF44461C507 /* AutoKVO */ = {
			isa = PBXGroup;
			children = (
				5860320768E47231EB9A72FF /* AutoKVO.h */,
				58603D9734D3EF922E8F50F1 /* AutoKVO.m */,
				58603278D6EF0275A172161D /* NSObject+AutoRemoveKVO.m */,
				586035865B3EC800F912E5B3 /* NSObject+AutoRemoveKVO.h */,
			);
			path = AutoKVO;
			sourceTree = "<group>";
		};
		586033A07E0641B6FD6B7DB2 /* CustomView */ = {
			isa = PBXGroup;
			children = (
				58603A3D876443103EBF3C4C /* CustomButton.m */,
				58603AE4A849389466FC9F51 /* CustomButton.h */,
			);
			path = CustomView;
			sourceTree = "<group>";
		};
		5860356B3AB1FE2DBEF0123D /* Scheme */ = {
			isa = PBXGroup;
			children = (
				8430E90925E8C66C00120D73 /* Schemes.json */,
				8430E90D25E8C6C700120D73 /* SchemeTestViewController.h */,
				8430E90E25E8C6C700120D73 /* SchemeTestViewController.m */,
			);
			path = Scheme;
			sourceTree = "<group>";
		};
		586036F588041A91942EEB31 /* Timers */ = {
			isa = PBXGroup;
			children = (
				58603A87EEF4764433F1BEBB /* MJTimer.h */,
				586030A25C1F1014E488FDF0 /* MJTimer.m */,
				586031E1A21937DC49C5C4F5 /* YHProxyBetter.h */,
				586038864EAD08487D47175D /* YHProxyBetter.m */,
			);
			path = Timers;
			sourceTree = "<group>";
		};
		58603F86B801C7DD317C0D7F /* Block */ = {
			isa = PBXGroup;
			children = (
				58603CBE608F86285D353D2D /* BlockSubClassViewController.h */,
				5860389EBF912CB7A9BE92B8 /* BlockSubClassViewController.m */,
				5860380D117508FF0BB09ADB /* BlockViewController.h */,
				586037505C9896A99D2737F0 /* BlockViewController.m */,
			);
			path = Block;
			sourceTree = "<group>";
		};
		846FE50F25AC357F004BF2ED /* Tools */ = {
			isa = PBXGroup;
			children = (
				8458CA0825E889260021D2A0 /* TRURLSchemeManager.h */,
				8458CA0725E889260021D2A0 /* TRURLSchemeManager.m */,
				846FE51125AC35AD004BF2ED /* MJClassInfo.h */,
				846FE51325AC35AD004BF2ED /* MJPermenantThread.h */,
				846FE51025AC35AD004BF2ED /* MJPermenantThread.m */,
				846FE51425AC35AD004BF2ED /* Tools.h */,
				846FE51225AC35AD004BF2ED /* Tools.m */,
				586036F588041A91942EEB31 /* Timers */,
			);
			path = Tools;
			sourceTree = "<group>";
		};
		8487FE2F25BE93DB0079C397 /* Recovered References */ = {
			isa = PBXGroup;
			children = (
				84C3EC9925BA7CA000142A68 /* account_login_sdk_core.framework */,
				84C3EC9625BA7CA000142A68 /* TYRZUISDK.framework */,
				84C3EC9825BA7CA000142A68 /* uni_account_login_res.bundle */,
				84C3EC9525BA7CA000142A68 /* TYRZResource.bundle */,
			);
			name = "Recovered References";
			sourceTree = "<group>";
		};
		B2C1EC489D5B42F6A229DDA2 /* Frameworks */ = {
			isa = PBXGroup;
			children = (
				41C1620D0217C7F519677217 /* Pods_SuperDemo.framework */,
			);
			name = Frameworks;
			sourceTree = "<group>";
		};
		D404D020E3B967861C5BDBEA /* LoadAndInitialize */ = {
			isa = PBXGroup;
			children = (
				D404D0AA6C56049FD8C85ABC /* LoadTest.h */,
				D404DDDD457E8F0609E88566 /* LoadTest.m */,
				D404D80048A99469494624C8 /* SubLoadTest.m */,
				D404D2519F7655E668096548 /* SubLoadTest.h */,
				D404DDD268D8443819B6D55E /* LoadTest+LoadTestCategory.m */,
				D404DC63ABFD4FF96D4C3C47 /* LoadTest+LoadTestCategory.h */,
				D404D6FA8592759062F367BF /* SubLoadTest+SubLoadTestCategory.m */,
				D404DA69F70460BFF4873D63 /* SubLoadTest+SubLoadTestCategory.h */,
			);
			path = LoadAndInitialize;
			sourceTree = "<group>";
		};
		D404D53C658BED83ED804C64 /* Inherit */ = {
			isa = PBXGroup;
			children = (
				D404D4BB287F5E8A907EE6AF /* Son.m */,
				D404D4820B082149BE6CA01C /* Son.h */,
				D404DD1122F234CCE62B270E /* Person+man.h */,
				D404D13B72C81F453A2F9030 /* Person.m */,
				D404D6AC65384BCB3F63E43A /* Person+man.m */,
				D404D245BFFCBD70133FFD7C /* Person.h */,
			);
			path = Inherit;
			sourceTree = "<group>";
		};
		D62B8A2174D74A8E229659B5 /* Pods */ = {
			isa = PBXGroup;
			children = (
				91963985C4DE2F55EC643302 /* Pods-SuperDemo.debug.xcconfig */,
				DEC6F2E43501D1A489DCE440 /* Pods-SuperDemo.release.xcconfig */,
			);
			path = Pods;
			sourceTree = "<group>";
		};
/* End PBXGroup section */

/* Begin PBXNativeTarget section */
		572E40EA249F062500D531B8 /* SuperDemo */ = {
			isa = PBXNativeTarget;
			buildConfigurationList = 572E4104249F062600D531B8 /* Build configuration list for PBXNativeTarget "SuperDemo" */;
			buildPhases = (
				3BA0A7F535ECB8A4F20C92E5 /* [CP] Check Pods Manifest.lock */,
				572E40E7249F062500D531B8 /* Sources */,
				572E40E8249F062500D531B8 /* Frameworks */,
				572E40E9249F062500D531B8 /* Resources */,
				74A223845E8B429BB2099FBB /* [CP] Embed Pods Frameworks */,
			);
			buildRules = (
			);
			dependencies = (
			);
			name = SuperDemo;
			productName = SuperDemo;
			productReference = 84183D9C25626E82007B7EB7 /* SuperDemo.app */;
			productType = "com.apple.product-type.application";
		};
		842C71F125ABED5500AB0219 /* SuperDemoCommand */ = {
			isa = PBXNativeTarget;
			buildConfigurationList = 842C71F825ABED5500AB0219 /* Build configuration list for PBXNativeTarget "SuperDemoCommand" */;
			buildPhases = (
				842C71EE25ABED5500AB0219 /* Sources */,
				842C71EF25ABED5500AB0219 /* Frameworks */,
				842C71F025ABED5500AB0219 /* CopyFiles */,
			);
			buildRules = (
			);
			dependencies = (
			);
			name = SuperDemoCommand;
			productName = SuperDemoCommand;
			productReference = 210CF46B272F929000E730DA /* SuperDemoCommand */;
			productType = "com.apple.product-type.tool";
		};
/* End PBXNativeTarget section */

/* Begin PBXProject section */
		572E40E3249F062500D531B8 /* Project object */ = {
			isa = PBXProject;
			attributes = {
				LastUpgradeCheck = 1150;
				ORGANIZATIONNAME = yanghe;
				TargetAttributes = {
					572E40EA249F062500D531B8 = {
						CreatedOnToolsVersion = 11.5;
					};
					842C71F125ABED5500AB0219 = {
						CreatedOnToolsVersion = 12.3;
					};
				};
			};
			buildConfigurationList = 572E40E6249F062500D531B8 /* Build configuration list for PBXProject "SuperDemo" */;
			compatibilityVersion = "Xcode 9.3";
			developmentRegion = en;
			hasScannedForEncodings = 0;
			knownRegions = (
				en,
				Base,
			);
			mainGroup = 572E40E2249F062500D531B8;
			productRefGroup = 572E40E2249F062500D531B8;
			projectDirPath = "";
			projectRoot = "";
			targets = (
				572E40EA249F062500D531B8 /* SuperDemo */,
				842C71F125ABED5500AB0219 /* SuperDemoCommand */,
			);
		};
/* End PBXProject section */

/* Begin PBXResourcesBuildPhase section */
		572E40E9249F062500D531B8 /* Resources */ = {
			isa = PBXResourcesBuildPhase;
			buildActionMask = 2147483647;
			files = (
				572E40FE249F062600D531B8 /* LaunchScreen.storyboard in Resources */,
				8430E90A25E8C66C00120D73 /* Schemes.json in Resources */,
				572E40FB249F062600D531B8 /* Assets.xcassets in Resources */,
			);
			runOnlyForDeploymentPostprocessing = 0;
		};
/* End PBXResourcesBuildPhase section */

/* Begin PBXShellScriptBuildPhase section */
		3BA0A7F535ECB8A4F20C92E5 /* [CP] Check Pods Manifest.lock */ = {
			isa = PBXShellScriptBuildPhase;
			buildActionMask = 2147483647;
			files = (
			);
			inputFileListPaths = (
			);
			inputPaths = (
				"${PODS_PODFILE_DIR_PATH}/Podfile.lock",
				"${PODS_ROOT}/Manifest.lock",
			);
			name = "[CP] Check Pods Manifest.lock";
			outputFileListPaths = (
			);
			outputPaths = (
				"$(DERIVED_FILE_DIR)/Pods-SuperDemo-checkManifestLockResult.txt",
			);
			runOnlyForDeploymentPostprocessing = 0;
			shellPath = /bin/sh;
			shellScript = "diff \"${PODS_PODFILE_DIR_PATH}/Podfile.lock\" \"${PODS_ROOT}/Manifest.lock\" > /dev/null\nif [ $? != 0 ] ; then\n    # print error to STDERR\n    echo \"error: The sandbox is not in sync with the Podfile.lock. Run 'pod install' or update your CocoaPods installation.\" >&2\n    exit 1\nfi\n# This output is used by Xcode 'outputs' to avoid re-running this script phase.\necho \"SUCCESS\" > \"${SCRIPT_OUTPUT_FILE_0}\"\n";
			showEnvVarsInLog = 0;
		};
		74A223845E8B429BB2099FBB /* [CP] Embed Pods Frameworks */ = {
			isa = PBXShellScriptBuildPhase;
			buildActionMask = 2147483647;
			files = (
			);
			inputFileListPaths = (
				"${PODS_ROOT}/Target Support Files/Pods-SuperDemo/Pods-SuperDemo-frameworks-${CONFIGURATION}-input-files.xcfilelist",
			);
			name = "[CP] Embed Pods Frameworks";
			outputFileListPaths = (
				"${PODS_ROOT}/Target Support Files/Pods-SuperDemo/Pods-SuperDemo-frameworks-${CONFIGURATION}-output-files.xcfilelist",
			);
			runOnlyForDeploymentPostprocessing = 0;
			shellPath = /bin/sh;
			shellScript = "\"${PODS_ROOT}/Target Support Files/Pods-SuperDemo/Pods-SuperDemo-frameworks.sh\"\n";
			showEnvVarsInLog = 0;
		};
/* End PBXShellScriptBuildPhase section */

/* Begin PBXSourcesBuildPhase section */
		572E40E7249F062500D531B8 /* Sources */ = {
			isa = PBXSourcesBuildPhase;
			buildActionMask = 2147483647;
			files = (
				57FF280D24CFA2AA00BA4D41 /* TaggedPointerViewController.m in Sources */,
				846FE51525AC35AD004BF2ED /* MJPermenantThread.m in Sources */,
				572E40F6249F062500D531B8 /* ViewController.m in Sources */,
				846FE51625AC35AD004BF2ED /* Tools.m in Sources */,
				572E40F0249F062500D531B8 /* AppDelegate.m in Sources */,
				84C7A264256B5C10007AF5B6 /* CYLUser.m in Sources */,
				8430E90F25E8C6C700120D73 /* SchemeTestViewController.m in Sources */,
				8458CA0925E889260021D2A0 /* TRURLSchemeManager.m in Sources */,
				572E4101249F062600D531B8 /* main.m in Sources */,
				84183DA025626F0C007B7EB7 /* CategoryWeakProperty.m in Sources */,
				219E17BA2A811B2E00C004DF /* TBCHybridSendThreadViewController.m in Sources */,
				212909D12A7A8CD400A82395 /* TBCToolsItemBaseView.m in Sources */,
				D404DF931CCE3610A9830B8D /* LoadTest.m in Sources */,
				D404DCEB9C9958E8D74BD5C6 /* SubLoadTest.m in Sources */,
				D404DA9D700C16A3AAB79C4E /* LoadTest+LoadTestCategory.m in Sources */,
				D404D32AE7F222298633495D /* SubLoadTest+SubLoadTestCategory.m in Sources */,
				D404DC0800AE5D4F15573181 /* MessagesForwarding.m in Sources */,
				21F8FFAB2A81DF9800E02A3A /* TBCImgToolsItemPresenter.m in Sources */,
				D404D60ED7C524BDCFFA3D27 /* Son.m in Sources */,
				D404DF7179345FD756131E43 /* Person.m in Sources */,
				D404D2252501615548DC74DA /* Person+man.m in Sources */,
				212909D52A7A8E3500A82395 /* TBCImgToolsItemView.m in Sources */,
				58603B9D446DAD1E7AF9443A /* BlockSubClassViewController.m in Sources */,
				219E17B62A8099B100C004DF /* TBCBubbleToolsItemView.m in Sources */,
				212909D82A7A8E8600A82395 /* TBCToolsBarView.m in Sources */,
				586033A43C96CB089BDB189E /* BlockViewController.m in Sources */,
				586032C130BB20340E061C71 /* CustomButton.m in Sources */,
				58603DD1183E4D72B9F48E70 /* AutoKVO.m in Sources */,
				586039F976587CEF599EA11A /* NSObject+AutoRemoveKVO.m in Sources */,
				58603075B0BB9290C262CB5A /* MJTimer.m in Sources */,
				58603149A5CF1D39C89F84D8 /* YHProxyBetter.m in Sources */,
			);
			runOnlyForDeploymentPostprocessing = 0;
		};
		842C71EE25ABED5500AB0219 /* Sources */ = {
			isa = PBXSourcesBuildPhase;
			buildActionMask = 2147483647;
			files = (
			);
			runOnlyForDeploymentPostprocessing = 0;
		};
/* End PBXSourcesBuildPhase section */

/* Begin PBXVariantGroup section */
		572E40FC249F062600D531B8 /* LaunchScreen.storyboard */ = {
			isa = PBXVariantGroup;
			children = (
				572E40FD249F062600D531B8 /* Base */,
			);
			name = LaunchScreen.storyboard;
			sourceTree = "<group>";
		};
/* End PBXVariantGroup section */

/* Begin XCBuildConfiguration section */
		572E4102249F062600D531B8 /* Debug */ = {
			isa = XCBuildConfiguration;
			buildSettings = {
				ALWAYS_SEARCH_USER_PATHS = NO;
				CLANG_ANALYZER_NONNULL = YES;
				CLANG_ANALYZER_NUMBER_OBJECT_CONVERSION = YES_AGGRESSIVE;
				CLANG_CXX_LANGUAGE_STANDARD = "gnu++14";
				CLANG_CXX_LIBRARY = "libc++";
				CLANG_ENABLE_MODULES = YES;
				CLANG_ENABLE_OBJC_ARC = YES;
				CLANG_ENABLE_OBJC_WEAK = YES;
				CLANG_WARN_BLOCK_CAPTURE_AUTORELEASING = YES;
				CLANG_WARN_BOOL_CONVERSION = YES;
				CLANG_WARN_COMMA = YES;
				CLANG_WARN_CONSTANT_CONVERSION = YES;
				CLANG_WARN_DEPRECATED_OBJC_IMPLEMENTATIONS = YES;
				CLANG_WARN_DIRECT_OBJC_ISA_USAGE = YES_ERROR;
				CLANG_WARN_DOCUMENTATION_COMMENTS = YES;
				CLANG_WARN_EMPTY_BODY = YES;
				CLANG_WARN_ENUM_CONVERSION = YES;
				CLANG_WARN_INFINITE_RECURSION = YES;
				CLANG_WARN_INT_CONVERSION = YES;
				CLANG_WARN_NON_LITERAL_NULL_CONVERSION = YES;
				CLANG_WARN_OBJC_IMPLICIT_RETAIN_SELF = YES;
				CLANG_WARN_OBJC_LITERAL_CONVERSION = YES;
				CLANG_WARN_OBJC_ROOT_CLASS = YES_ERROR;
				CLANG_WARN_RANGE_LOOP_ANALYSIS = YES;
				CLANG_WARN_STRICT_PROTOTYPES = YES;
				CLANG_WARN_SUSPICIOUS_MOVE = YES;
				CLANG_WARN_UNGUARDED_AVAILABILITY = YES_AGGRESSIVE;
				CLANG_WARN_UNREACHABLE_CODE = YES;
				CLANG_WARN__DUPLICATE_METHOD_MATCH = YES;
				COPY_PHASE_STRIP = NO;
				DEBUG_INFORMATION_FORMAT = dwarf;
				ENABLE_STRICT_OBJC_MSGSEND = YES;
				ENABLE_TESTABILITY = YES;
				GCC_C_LANGUAGE_STANDARD = gnu11;
				GCC_DYNAMIC_NO_PIC = NO;
				GCC_NO_COMMON_BLOCKS = YES;
				GCC_OPTIMIZATION_LEVEL = 0;
				GCC_PREPROCESSOR_DEFINITIONS = (
					"DEBUG=1",
					"$(inherited)",
				);
				GCC_WARN_64_TO_32_BIT_CONVERSION = YES;
				GCC_WARN_ABOUT_RETURN_TYPE = YES_ERROR;
				GCC_WARN_UNDECLARED_SELECTOR = YES;
				GCC_WARN_UNINITIALIZED_AUTOS = YES_AGGRESSIVE;
				GCC_WARN_UNUSED_FUNCTION = YES;
				GCC_WARN_UNUSED_VARIABLE = YES;
				IPHONEOS_DEPLOYMENT_TARGET = 13.5;
				MTL_ENABLE_DEBUG_INFO = INCLUDE_SOURCE;
				MTL_FAST_MATH = YES;
				ONLY_ACTIVE_ARCH = YES;
				SDKROOT = iphoneos;
			};
			name = Debug;
		};
		572E4103249F062600D531B8 /* Release */ = {
			isa = XCBuildConfiguration;
			buildSettings = {
				ALWAYS_SEARCH_USER_PATHS = NO;
				CLANG_ANALYZER_NONNULL = YES;
				CLANG_ANALYZER_NUMBER_OBJECT_CONVERSION = YES_AGGRESSIVE;
				CLANG_CXX_LANGUAGE_STANDARD = "gnu++14";
				CLANG_CXX_LIBRARY = "libc++";
				CLANG_ENABLE_MODULES = YES;
				CLANG_ENABLE_OBJC_ARC = YES;
				CLANG_ENABLE_OBJC_WEAK = YES;
				CLANG_WARN_BLOCK_CAPTURE_AUTORELEASING = YES;
				CLANG_WARN_BOOL_CONVERSION = YES;
				CLANG_WARN_COMMA = YES;
				CLANG_WARN_CONSTANT_CONVERSION = YES;
				CLANG_WARN_DEPRECATED_OBJC_IMPLEMENTATIONS = YES;
				CLANG_WARN_DIRECT_OBJC_ISA_USAGE = YES_ERROR;
				CLANG_WARN_DOCUMENTATION_COMMENTS = YES;
				CLANG_WARN_EMPTY_BODY = YES;
				CLANG_WARN_ENUM_CONVERSION = YES;
				CLANG_WARN_INFINITE_RECURSION = YES;
				CLANG_WARN_INT_CONVERSION = YES;
				CLANG_WARN_NON_LITERAL_NULL_CONVERSION = YES;
				CLANG_WARN_OBJC_IMPLICIT_RETAIN_SELF = YES;
				CLANG_WARN_OBJC_LITERAL_CONVERSION = YES;
				CLANG_WARN_OBJC_ROOT_CLASS = YES_ERROR;
				CLANG_WARN_RANGE_LOOP_ANALYSIS = YES;
				CLANG_WARN_STRICT_PROTOTYPES = YES;
				CLANG_WARN_SUSPICIOUS_MOVE = YES;
				CLANG_WARN_UNGUARDED_AVAILABILITY = YES_AGGRESSIVE;
				CLANG_WARN_UNREACHABLE_CODE = YES;
				CLANG_WARN__DUPLICATE_METHOD_MATCH = YES;
				COPY_PHASE_STRIP = NO;
				DEBUG_INFORMATION_FORMAT = "dwarf-with-dsym";
				ENABLE_NS_ASSERTIONS = NO;
				ENABLE_STRICT_OBJC_MSGSEND = YES;
				GCC_C_LANGUAGE_STANDARD = gnu11;
				GCC_NO_COMMON_BLOCKS = YES;
				GCC_WARN_64_TO_32_BIT_CONVERSION = YES;
				GCC_WARN_ABOUT_RETURN_TYPE = YES_ERROR;
				GCC_WARN_UNDECLARED_SELECTOR = YES;
				GCC_WARN_UNINITIALIZED_AUTOS = YES_AGGRESSIVE;
				GCC_WARN_UNUSED_FUNCTION = YES;
				GCC_WARN_UNUSED_VARIABLE = YES;
				IPHONEOS_DEPLOYMENT_TARGET = 13.5;
				MTL_ENABLE_DEBUG_INFO = NO;
				MTL_FAST_MATH = YES;
				SDKROOT = iphoneos;
				VALIDATE_PRODUCT = YES;
			};
			name = Release;
		};
		572E4105249F062600D531B8 /* Debug */ = {
			isa = XCBuildConfiguration;
			baseConfigurationReference = 91963985C4DE2F55EC643302 /* Pods-SuperDemo.debug.xcconfig */;
			buildSettings = {
				ASSETCATALOG_COMPILER_APPICON_NAME = AppIcon;
				CODE_SIGN_IDENTITY = "Apple Development";
				CODE_SIGN_STYLE = Automatic;
				DEBUG_INFORMATION_FORMAT = "dwarf-with-dsym";
				DEVELOPMENT_TEAM = QQGC6FGPZU;
				FRAMEWORK_SEARCH_PATHS = "$(inherited)";
				INFOPLIST_FILE = SuperDemo/Info.plist;
				IPHONEOS_DEPLOYMENT_TARGET = 16.0;
				LD_RUNPATH_SEARCH_PATHS = (
					"$(inherited)",
					"@executable_path/Frameworks",
				);
				PRODUCT_BUNDLE_IDENTIFIER = com.yanghe.AppSigner;
				PRODUCT_NAME = "$(TARGET_NAME)";
				PROVISIONING_PROFILE_SPECIFIER = "";
				TARGETED_DEVICE_FAMILY = "1,2";
			};
			name = Debug;
		};
		572E4106249F062600D531B8 /* Release */ = {
			isa = XCBuildConfiguration;
			baseConfigurationReference = DEC6F2E43501D1A489DCE440 /* Pods-SuperDemo.release.xcconfig */;
			buildSettings = {
				ASSETCATALOG_COMPILER_APPICON_NAME = AppIcon;
				CODE_SIGN_IDENTITY = "Apple Development";
				CODE_SIGN_STYLE = Automatic;
				DEVELOPMENT_TEAM = QQGC6FGPZU;
				FRAMEWORK_SEARCH_PATHS = "$(inherited)";
				INFOPLIST_FILE = SuperDemo/Info.plist;
				IPHONEOS_DEPLOYMENT_TARGET = 16.0;
				LD_RUNPATH_SEARCH_PATHS = (
					"$(inherited)",
					"@executable_path/Frameworks",
				);
				PRODUCT_BUNDLE_IDENTIFIER = com.yanghe.AppSigner;
				PRODUCT_NAME = "$(TARGET_NAME)";
				PROVISIONING_PROFILE_SPECIFIER = "";
				TARGETED_DEVICE_FAMILY = "1,2";
			};
			name = Release;
		};
		842C71F625ABED5500AB0219 /* Debug */ = {
			isa = XCBuildConfiguration;
			buildSettings = {
				CLANG_WARN_QUOTED_INCLUDE_IN_FRAMEWORK_HEADER = YES;
				CODE_SIGN_IDENTITY = "Apple Development";
				CODE_SIGN_STYLE = Automatic;
				DEVELOPMENT_TEAM = QQGC6FGPZU;
				MACOSX_DEPLOYMENT_TARGET = 10.15;
				PRODUCT_BUNDLE_IDENTIFIER = yh.SuperDemo;
				PRODUCT_NAME = "$(TARGET_NAME)";
				SDKROOT = macosx;
			};
			name = Debug;
		};
		842C71F725ABED5500AB0219 /* Release */ = {
			isa = XCBuildConfiguration;
			buildSettings = {
				CLANG_WARN_QUOTED_INCLUDE_IN_FRAMEWORK_HEADER = YES;
				CODE_SIGN_IDENTITY = "Apple Development";
				CODE_SIGN_STYLE = Automatic;
				DEVELOPMENT_TEAM = QQGC6FGPZU;
				MACOSX_DEPLOYMENT_TARGET = 10.15;
				PRODUCT_BUNDLE_IDENTIFIER = yh.SuperDemo;
				PRODUCT_NAME = "$(TARGET_NAME)";
				SDKROOT = macosx;
			};
			name = Release;
		};
/* End XCBuildConfiguration section */

/* Begin XCConfigurationList section */
		572E40E6249F062500D531B8 /* Build configuration list for PBXProject "SuperDemo" */ = {
			isa = XCConfigurationList;
			buildConfigurations = (
				572E4102249F062600D531B8 /* Debug */,
				572E4103249F062600D531B8 /* Release */,
			);
			defaultConfigurationIsVisible = 0;
			defaultConfigurationName = Release;
		};
		572E4104249F062600D531B8 /* Build configuration list for PBXNativeTarget "SuperDemo" */ = {
			isa = XCConfigurationList;
			buildConfigurations = (
				572E4105249F062600D531B8 /* Debug */,
				572E4106249F062600D531B8 /* Release */,
			);
			defaultConfigurationIsVisible = 0;
			defaultConfigurationName = Release;
		};
		842C71F825ABED5500AB0219 /* Build configuration list for PBXNativeTarget "SuperDemoCommand" */ = {
			isa = XCConfigurationList;
			buildConfigurations = (
				842C71F625ABED5500AB0219 /* Debug */,
				842C71F725ABED5500AB0219 /* Release */,
			);
			defaultConfigurationIsVisible = 0;
			defaultConfigurationName = Release;
		};
/* End XCConfigurationList section */
	};
	rootObject = 572E40E3249F062500D531B8 /* Project object */;
}
